// !$*UTF8*$!
{
	archiveVersion = 1;
	classes = {
	};
	objectVersion = 50;
	objects = {

/* Begin PBXBuildFile section */
		F230DD4924917063006BE385 /* AppDelegate.swift in Sources */ = {isa = PBXBuildFile; fileRef = F230DD4824917063006BE385 /* AppDelegate.swift */; };
		F230DD4B24917063006BE385 /* SceneDelegate.swift in Sources */ = {isa = PBXBuildFile; fileRef = F230DD4A24917063006BE385 /* SceneDelegate.swift */; };
		F230DD4D24917063006BE385 /* ViewController.swift in Sources */ = {isa = PBXBuildFile; fileRef = F230DD4C24917063006BE385 /* ViewController.swift */; };
		F230DD5024917063006BE385 /* Main.storyboard in Resources */ = {isa = PBXBuildFile; fileRef = F230DD4E24917063006BE385 /* Main.storyboard */; };
		F230DD5224917065006BE385 /* Assets.xcassets in Resources */ = {isa = PBXBuildFile; fileRef = F230DD5124917065006BE385 /* Assets.xcassets */; };
		F230DD5524917065006BE385 /* LaunchScreen.storyboard in Resources */ = {isa = PBXBuildFile; fileRef = F230DD5324917065006BE385 /* LaunchScreen.storyboard */; };
		F230DD6024917066006BE385 /* ReversePolishNotationCalculatorTests.swift in Sources */ = {isa = PBXBuildFile; fileRef = F230DD5F24917066006BE385 /* ReversePolishNotationCalculatorTests.swift */; };
		F230DD6B24917066006BE385 /* ReversePolishNotationCalculatorUITests.swift in Sources */ = {isa = PBXBuildFile; fileRef = F230DD6A24917066006BE385 /* ReversePolishNotationCalculatorUITests.swift */; };
		F232844A24929D05000B9950 /* Calculator.swift in Sources */ = {isa = PBXBuildFile; fileRef = F232844924929D05000B9950 /* Calculator.swift */; };
/* End PBXBuildFile section */

/* Begin PBXContainerItemProxy section */
		F230DD5C24917066006BE385 /* PBXContainerItemProxy */ = {
			isa = PBXContainerItemProxy;
			containerPortal = F230DD3D24917063006BE385 /* Project object */;
			proxyType = 1;
			remoteGlobalIDString = F230DD4424917063006BE385;
			remoteInfo = ReversePolishNotationCalculator;
		};
		F230DD6724917066006BE385 /* PBXContainerItemProxy */ = {
			isa = PBXContainerItemProxy;
			containerPortal = F230DD3D24917063006BE385 /* Project object */;
			proxyType = 1;
			remoteGlobalIDString = F230DD4424917063006BE385;
			remoteInfo = ReversePolishNotationCalculator;
		};
/* End PBXContainerItemProxy section */

/* Begin PBXFileReference section */
		F230DD4524917063006BE385 /* ReversePolishNotationCalculator.app */ = {isa = PBXFileReference; explicitFileType = wrapper.application; includeInIndex = 0; path = ReversePolishNotationCalculator.app; sourceTree = BUILT_PRODUCTS_DIR; };
		F230DD4824917063006BE385 /* AppDelegate.swift */ = {isa = PBXFileReference; lastKnownFileType = sourcecode.swift; path = AppDelegate.swift; sourceTree = "<group>"; };
		F230DD4A24917063006BE385 /* SceneDelegate.swift */ = {isa = PBXFileReference; lastKnownFileType = sourcecode.swift; path = SceneDelegate.swift; sourceTree = "<group>"; };
		F230DD4C24917063006BE385 /* ViewController.swift */ = {isa = PBXFileReference; lastKnownFileType = sourcecode.swift; path = ViewController.swift; sourceTree = "<group>"; };
		F230DD4F24917063006BE385 /* Base */ = {isa = PBXFileReference; lastKnownFileType = file.storyboard; name = Base; path = Base.lproj/Main.storyboard; sourceTree = "<group>"; };
		F230DD5124917065006BE385 /* Assets.xcassets */ = {isa = PBXFileReference; lastKnownFileType = folder.assetcatalog; path = Assets.xcassets; sourceTree = "<group>"; };
		F230DD5424917065006BE385 /* Base */ = {isa = PBXFileReference; lastKnownFileType = file.storyboard; name = Base; path = Base.lproj/LaunchScreen.storyboard; sourceTree = "<group>"; };
		F230DD5624917065006BE385 /* Info.plist */ = {isa = PBXFileReference; lastKnownFileType = text.plist.xml; path = Info.plist; sourceTree = "<group>"; };
		F230DD5B24917066006BE385 /* ReversePolishNotationCalculatorTests.xctest */ = {isa = PBXFileReference; explicitFileType = wrapper.cfbundle; includeInIndex = 0; path = ReversePolishNotationCalculatorTests.xctest; sourceTree = BUILT_PRODUCTS_DIR; };
		F230DD5F24917066006BE385 /* ReversePolishNotationCalculatorTests.swift */ = {isa = PBXFileReference; lastKnownFileType = sourcecode.swift; path = ReversePolishNotationCalculatorTests.swift; sourceTree = "<group>"; };
		F230DD6124917066006BE385 /* Info.plist */ = {isa = PBXFileReference; lastKnownFileType = text.plist.xml; path = Info.plist; sourceTree = "<group>"; };
		F230DD6624917066006BE385 /* ReversePolishNotationCalculatorUITests.xctest */ = {isa = PBXFileReference; explicitFileType = wrapper.cfbundle; includeInIndex = 0; path = ReversePolishNotationCalculatorUITests.xctest; sourceTree = BUILT_PRODUCTS_DIR; };
		F230DD6A24917066006BE385 /* ReversePolishNotationCalculatorUITests.swift */ = {isa = PBXFileReference; lastKnownFileType = sourcecode.swift; path = ReversePolishNotationCalculatorUITests.swift; sourceTree = "<group>"; };
		F230DD6C24917066006BE385 /* Info.plist */ = {isa = PBXFileReference; lastKnownFileType = text.plist.xml; path = Info.plist; sourceTree = "<group>"; };
		F232844924929D05000B9950 /* Calculator.swift */ = {isa = PBXFileReference; lastKnownFileType = sourcecode.swift; path = Calculator.swift; sourceTree = "<group>"; };
/* End PBXFileReference section */

/* Begin PBXFrameworksBuildPhase section */
		F230DD4224917063006BE385 /* Frameworks */ = {
			isa = PBXFrameworksBuildPhase;
			buildActionMask = 2147483647;
			files = (
			);
			runOnlyForDeploymentPostprocessing = 0;
		};
		F230DD5824917066006BE385 /* Frameworks */ = {
			isa = PBXFrameworksBuildPhase;
			buildActionMask = 2147483647;
			files = (
			);
			runOnlyForDeploymentPostprocessing = 0;
		};
		F230DD6324917066006BE385 /* Frameworks */ = {
			isa = PBXFrameworksBuildPhase;
			buildActionMask = 2147483647;
			files = (
			);
			runOnlyForDeploymentPostprocessing = 0;
		};
/* End PBXFrameworksBuildPhase section */

/* Begin PBXGroup section */
		F230DD3C24917063006BE385 = {
			isa = PBXGroup;
			children = (
				F230DD4724917063006BE385 /* ReversePolishNotationCalculator */,
				F230DD5E24917066006BE385 /* ReversePolishNotationCalculatorTests */,
				F230DD6924917066006BE385 /* ReversePolishNotationCalculatorUITests */,
				F230DD4624917063006BE385 /* Products */,
			);
			sourceTree = "<group>";
		};
		F230DD4624917063006BE385 /* Products */ = {
			isa = PBXGroup;
			children = (
				F230DD4524917063006BE385 /* ReversePolishNotationCalculator.app */,
				F230DD5B24917066006BE385 /* ReversePolishNotationCalculatorTests.xctest */,
				F230DD6624917066006BE385 /* ReversePolishNotationCalculatorUITests.xctest */,
			);
			name = Products;
			sourceTree = "<group>";
		};
		F230DD4724917063006BE385 /* ReversePolishNotationCalculator */ = {
			isa = PBXGroup;
			children = (
				F230DD4824917063006BE385 /* AppDelegate.swift */,
				F230DD4A24917063006BE385 /* SceneDelegate.swift */,
				F230DD4C24917063006BE385 /* ViewController.swift */,
				F232844924929D05000B9950 /* Calculator.swift */,
				F230DD4E24917063006BE385 /* Main.storyboard */,
				F230DD5124917065006BE385 /* Assets.xcassets */,
				F230DD5324917065006BE385 /* LaunchScreen.storyboard */,
				F230DD5624917065006BE385 /* Info.plist */,
			);
			path = ReversePolishNotationCalculator;
			sourceTree = "<group>";
		};
		F230DD5E24917066006BE385 /* ReversePolishNotationCalculatorTests */ = {
			isa = PBXGroup;
			children = (
				F230DD5F24917066006BE385 /* ReversePolishNotationCalculatorTests.swift */,
				F230DD6124917066006BE385 /* Info.plist */,
			);
			path = ReversePolishNotationCalculatorTests;
			sourceTree = "<group>";
		};
		F230DD6924917066006BE385 /* ReversePolishNotationCalculatorUITests */ = {
			isa = PBXGroup;
			children = (
				F230DD6A24917066006BE385 /* ReversePolishNotationCalculatorUITests.swift */,
				F230DD6C24917066006BE385 /* Info.plist */,
			);
			path = ReversePolishNotationCalculatorUITests;
			sourceTree = "<group>";
		};
/* End PBXGroup section */

/* Begin PBXNativeTarget section */
		F230DD4424917063006BE385 /* ReversePolishNotationCalculator */ = {
			isa = PBXNativeTarget;
			buildConfigurationList = F230DD6F24917066006BE385 /* Build configuration list for PBXNativeTarget "ReversePolishNotationCalculator" */;
			buildPhases = (
				F230DD4124917063006BE385 /* Sources */,
				F230DD4224917063006BE385 /* Frameworks */,
				F230DD4324917063006BE385 /* Resources */,
			);
			buildRules = (
			);
			dependencies = (
			);
			name = ReversePolishNotationCalculator;
			productName = ReversePolishNotationCalculator;
			productReference = F230DD4524917063006BE385 /* ReversePolishNotationCalculator.app */;
			productType = "com.apple.product-type.application";
		};
		F230DD5A24917066006BE385 /* ReversePolishNotationCalculatorTests */ = {
			isa = PBXNativeTarget;
			buildConfigurationList = F230DD7224917066006BE385 /* Build configuration list for PBXNativeTarget "ReversePolishNotationCalculatorTests" */;
			buildPhases = (
				F230DD5724917066006BE385 /* Sources */,
				F230DD5824917066006BE385 /* Frameworks */,
				F230DD5924917066006BE385 /* Resources */,
			);
			buildRules = (
			);
			dependencies = (
				F230DD5D24917066006BE385 /* PBXTargetDependency */,
			);
			name = ReversePolishNotationCalculatorTests;
			productName = ReversePolishNotationCalculatorTests;
			productReference = F230DD5B24917066006BE385 /* ReversePolishNotationCalculatorTests.xctest */;
			productType = "com.apple.product-type.bundle.unit-test";
		};
		F230DD6524917066006BE385 /* ReversePolishNotationCalculatorUITests */ = {
			isa = PBXNativeTarget;
			buildConfigurationList = F230DD7524917066006BE385 /* Build configuration list for PBXNativeTarget "ReversePolishNotationCalculatorUITests" */;
			buildPhases = (
				F230DD6224917066006BE385 /* Sources */,
				F230DD6324917066006BE385 /* Frameworks */,
				F230DD6424917066006BE385 /* Resources */,
			);
			buildRules = (
			);
			dependencies = (
				F230DD6824917066006BE385 /* PBXTargetDependency */,
			);
			name = ReversePolishNotationCalculatorUITests;
			productName = ReversePolishNotationCalculatorUITests;
			productReference = F230DD6624917066006BE385 /* ReversePolishNotationCalculatorUITests.xctest */;
			productType = "com.apple.product-type.bundle.ui-testing";
		};
/* End PBXNativeTarget section */

/* Begin PBXProject section */
		F230DD3D24917063006BE385 /* Project object */ = {
			isa = PBXProject;
			attributes = {
				LastSwiftUpdateCheck = 1120;
				LastUpgradeCheck = 1120;
				ORGANIZATIONNAME = "Luke Compton-Burnett";
				TargetAttributes = {
					F230DD4424917063006BE385 = {
						CreatedOnToolsVersion = 11.2.1;
					};
					F230DD5A24917066006BE385 = {
						CreatedOnToolsVersion = 11.2.1;
						TestTargetID = F230DD4424917063006BE385;
					};
					F230DD6524917066006BE385 = {
						CreatedOnToolsVersion = 11.2.1;
						TestTargetID = F230DD4424917063006BE385;
					};
				};
			};
			buildConfigurationList = F230DD4024917063006BE385 /* Build configuration list for PBXProject "ReversePolishNotationCalculator" */;
			compatibilityVersion = "Xcode 9.3";
			developmentRegion = en;
			hasScannedForEncodings = 0;
			knownRegions = (
				en,
				Base,
			);
			mainGroup = F230DD3C24917063006BE385;
			productRefGroup = F230DD4624917063006BE385 /* Products */;
			projectDirPath = "";
			projectRoot = "";
			targets = (
				F230DD4424917063006BE385 /* ReversePolishNotationCalculator */,
				F230DD5A24917066006BE385 /* ReversePolishNotationCalculatorTests */,
				F230DD6524917066006BE385 /* ReversePolishNotationCalculatorUITests */,
			);
		};
/* End PBXProject section */

/* Begin PBXResourcesBuildPhase section */
		F230DD4324917063006BE385 /* Resources */ = {
			isa = PBXResourcesBuildPhase;
			buildActionMask = 2147483647;
			files = (
				F230DD5524917065006BE385 /* LaunchScreen.storyboard in Resources */,
				F230DD5224917065006BE385 /* Assets.xcassets in Resources */,
				F230DD5024917063006BE385 /* Main.storyboard in Resources */,
			);
			runOnlyForDeploymentPostprocessing = 0;
		};
		F230DD5924917066006BE385 /* Resources */ = {
			isa = PBXResourcesBuildPhase;
			buildActionMask = 2147483647;
			files = (
			);
			runOnlyForDeploymentPostprocessing = 0;
		};
		F230DD6424917066006BE385 /* Resources */ = {
			isa = PBXResourcesBuildPhase;
			buildActionMask = 2147483647;
			files = (
			);
			runOnlyForDeploymentPostprocessing = 0;
		};
/* End PBXResourcesBuildPhase section */

/* Begin PBXSourcesBuildPhase section */
		F230DD4124917063006BE385 /* Sources */ = {
			isa = PBXSourcesBuildPhase;
			buildActionMask = 2147483647;
			files = (
				F230DD4D24917063006BE385 /* ViewController.swift in Sources */,
				F232844A24929D05000B9950 /* Calculator.swift in Sources */,
				F230DD4924917063006BE385 /* AppDelegate.swift in Sources */,
				F230DD4B24917063006BE385 /* SceneDelegate.swift in Sources */,
			);
			runOnlyForDeploymentPostprocessing = 0;
		};
		F230DD5724917066006BE385 /* Sources */ = {
			isa = PBXSourcesBuildPhase;
			buildActionMask = 2147483647;
			files = (
				F230DD6024917066006BE385 /* ReversePolishNotationCalculatorTests.swift in Sources */,
			);
			runOnlyForDeploymentPostprocessing = 0;
		};
		F230DD6224917066006BE385 /* Sources */ = {
			isa = PBXSourcesBuildPhase;
			buildActionMask = 2147483647;
			files = (
				F230DD6B24917066006BE385 /* ReversePolishNotationCalculatorUITests.swift in Sources */,
			);
			runOnlyForDeploymentPostprocessing = 0;
		};
/* End PBXSourcesBuildPhase section */

/* Begin PBXTargetDependency section */
		F230DD5D24917066006BE385 /* PBXTargetDependency */ = {
			isa = PBXTargetDependency;
			target = F230DD4424917063006BE385 /* ReversePolishNotationCalculator */;
			targetProxy = F230DD5C24917066006BE385 /* PBXContainerItemProxy */;
		};
		F230DD6824917066006BE385 /* PBXTargetDependency */ = {
			isa = PBXTargetDependency;
			target = F230DD4424917063006BE385 /* ReversePolishNotationCalculator */;
			targetProxy = F230DD6724917066006BE385 /* PBXContainerItemProxy */;
		};
/* End PBXTargetDependency section */

/* Begin PBXVariantGroup section */
		F230DD4E24917063006BE385 /* Main.storyboard */ = {
			isa = PBXVariantGroup;
			children = (
				F230DD4F24917063006BE385 /* Base */,
			);
			name = Main.storyboard;
			sourceTree = "<group>";
		};
		F230DD5324917065006BE385 /* LaunchScreen.storyboard */ = {
			isa = PBXVariantGroup;
			children = (
				F230DD5424917065006BE385 /* Base */,
			);
			name = LaunchScreen.storyboard;
			sourceTree = "<group>";
		};
/* End PBXVariantGroup section */

/* Begin XCBuildConfiguration section */
		F230DD6D24917066006BE385 /* Debug */ = {
			isa = XCBuildConfiguration;
			buildSettings = {
				ALWAYS_SEARCH_USER_PATHS = NO;
				CLANG_ANALYZER_NONNULL = YES;
				CLANG_ANALYZER_NUMBER_OBJECT_CONVERSION = YES_AGGRESSIVE;
				CLANG_CXX_LANGUAGE_STANDARD = "gnu++14";
				CLANG_CXX_LIBRARY = "libc++";
				CLANG_ENABLE_MODULES = YES;
				CLANG_ENABLE_OBJC_ARC = YES;
				CLANG_ENABLE_OBJC_WEAK = YES;
				CLANG_WARN_BLOCK_CAPTURE_AUTORELEASING = YES;
				CLANG_WARN_BOOL_CONVERSION = YES;
				CLANG_WARN_COMMA = YES;
				CLANG_WARN_CONSTANT_CONVERSION = YES;
				CLANG_WARN_DEPRECATED_OBJC_IMPLEMENTATIONS = YES;
				CLANG_WARN_DIRECT_OBJC_ISA_USAGE = YES_ERROR;
				CLANG_WARN_DOCUMENTATION_COMMENTS = YES;
				CLANG_WARN_EMPTY_BODY = YES;
				CLANG_WARN_ENUM_CONVERSION = YES;
				CLANG_WARN_INFINITE_RECURSION = YES;
				CLANG_WARN_INT_CONVERSION = YES;
				CLANG_WARN_NON_LITERAL_NULL_CONVERSION = YES;
				CLANG_WARN_OBJC_IMPLICIT_RETAIN_SELF = YES;
				CLANG_WARN_OBJC_LITERAL_CONVERSION = YES;
				CLANG_WARN_OBJC_ROOT_CLASS = YES_ERROR;
				CLANG_WARN_RANGE_LOOP_ANALYSIS = YES;
				CLANG_WARN_STRICT_PROTOTYPES = YES;
				CLANG_WARN_SUSPICIOUS_MOVE = YES;
				CLANG_WARN_UNGUARDED_AVAILABILITY = YES_AGGRESSIVE;
				CLANG_WARN_UNREACHABLE_CODE = YES;
				CLANG_WARN__DUPLICATE_METHOD_MATCH = YES;
				COPY_PHASE_STRIP = NO;
				DEBUG_INFORMATION_FORMAT = dwarf;
				ENABLE_STRICT_OBJC_MSGSEND = YES;
				ENABLE_TESTABILITY = YES;
				GCC_C_LANGUAGE_STANDARD = gnu11;
				GCC_DYNAMIC_NO_PIC = NO;
				GCC_NO_COMMON_BLOCKS = YES;
				GCC_OPTIMIZATION_LEVEL = 0;
				GCC_PREPROCESSOR_DEFINITIONS = (
					"DEBUG=1",
					"$(inherited)",
				);
				GCC_WARN_64_TO_32_BIT_CONVERSION = YES;
				GCC_WARN_ABOUT_RETURN_TYPE = YES_ERROR;
				GCC_WARN_UNDECLARED_SELECTOR = YES;
				GCC_WARN_UNINITIALIZED_AUTOS = YES_AGGRESSIVE;
				GCC_WARN_UNUSED_FUNCTION = YES;
				GCC_WARN_UNUSED_VARIABLE = YES;
				IPHONEOS_DEPLOYMENT_TARGET = 13.2;
				MTL_ENABLE_DEBUG_INFO = INCLUDE_SOURCE;
				MTL_FAST_MATH = YES;
				ONLY_ACTIVE_ARCH = YES;
				SDKROOT = iphoneos;
				SWIFT_ACTIVE_COMPILATION_CONDITIONS = DEBUG;
				SWIFT_OPTIMIZATION_LEVEL = "-Onone";
			};
			name = Debug;
		};
		F230DD6E24917066006BE385 /* Release */ = {
			isa = XCBuildConfiguration;
			buildSettings = {
				ALWAYS_SEARCH_USER_PATHS = NO;
				CLANG_ANALYZER_NONNULL = YES;
				CLANG_ANALYZER_NUMBER_OBJECT_CONVERSION = YES_AGGRESSIVE;
				CLANG_CXX_LANGUAGE_STANDARD = "gnu++14";
				CLANG_CXX_LIBRARY = "libc++";
				CLANG_ENABLE_MODULES = YES;
				CLANG_ENABLE_OBJC_ARC = YES;
				CLANG_ENABLE_OBJC_WEAK = YES;
				CLANG_WARN_BLOCK_CAPTURE_AUTORELEASING = YES;
				CLANG_WARN_BOOL_CONVERSION = YES;
				CLANG_WARN_COMMA = YES;
				CLANG_WARN_CONSTANT_CONVERSION = YES;
				CLANG_WARN_DEPRECATED_OBJC_IMPLEMENTATIONS = YES;
				CLANG_WARN_DIRECT_OBJC_ISA_USAGE = YES_ERROR;
				CLANG_WARN_DOCUMENTATION_COMMENTS = YES;
				CLANG_WARN_EMPTY_BODY = YES;
				CLANG_WARN_ENUM_CONVERSION = YES;
				CLANG_WARN_INFINITE_RECURSION = YES;
				CLANG_WARN_INT_CONVERSION = YES;
				CLANG_WARN_NON_LITERAL_NULL_CONVERSION = YES;
				CLANG_WARN_OBJC_IMPLICIT_RETAIN_SELF = YES;
				CLANG_WARN_OBJC_LITERAL_CONVERSION = YES;
				CLANG_WARN_OBJC_ROOT_CLASS = YES_ERROR;
				CLANG_WARN_RANGE_LOOP_ANALYSIS = YES;
				CLANG_WARN_STRICT_PROTOTYPES = YES;
				CLANG_WARN_SUSPICIOUS_MOVE = YES;
				CLANG_WARN_UNGUARDED_AVAILABILITY = YES_AGGRESSIVE;
				CLANG_WARN_UNREACHABLE_CODE = YES;
				CLANG_WARN__DUPLICATE_METHOD_MATCH = YES;
				COPY_PHASE_STRIP = NO;
				DEBUG_INFORMATION_FORMAT = "dwarf-with-dsym";
				ENABLE_NS_ASSERTIONS = NO;
				ENABLE_STRICT_OBJC_MSGSEND = YES;
				GCC_C_LANGUAGE_STANDARD = gnu11;
				GCC_NO_COMMON_BLOCKS = YES;
				GCC_WARN_64_TO_32_BIT_CONVERSION = YES;
				GCC_WARN_ABOUT_RETURN_TYPE = YES_ERROR;
				GCC_WARN_UNDECLARED_SELECTOR = YES;
				GCC_WARN_UNINITIALIZED_AUTOS = YES_AGGRESSIVE;
				GCC_WARN_UNUSED_FUNCTION = YES;
				GCC_WARN_UNUSED_VARIABLE = YES;
				IPHONEOS_DEPLOYMENT_TARGET = 13.2;
				MTL_ENABLE_DEBUG_INFO = NO;
				MTL_FAST_MATH = YES;
				SDKROOT = iphoneos;
				SWIFT_COMPILATION_MODE = wholemodule;
				SWIFT_OPTIMIZATION_LEVEL = "-O";
				VALIDATE_PRODUCT = YES;
			};
			name = Release;
		};
		F230DD7024917066006BE385 /* Debug */ = {
			isa = XCBuildConfiguration;
			buildSettings = {
				ASSETCATALOG_COMPILER_APPICON_NAME = AppIcon;
				CODE_SIGN_STYLE = Automatic;
				INFOPLIST_FILE = ReversePolishNotationCalculator/Info.plist;
				LD_RUNPATH_SEARCH_PATHS = (
					"$(inherited)",
					"@executable_path/Frameworks",
				);
				PRODUCT_BUNDLE_IDENTIFIER = com.Lukecb11a.ReversePolishNotationCalculator;
				PRODUCT_NAME = "$(TARGET_NAME)";
				SWIFT_VERSION = 5.0;
				TARGETED_DEVICE_FAMILY = "1,2";
			};
			name = Debug;
		};
		F230DD7124917066006BE385 /* Release */ = {
			isa = XCBuildConfiguration;
			buildSettings = {
				ASSETCATALOG_COMPILER_APPICON_NAME = AppIcon;
				CODE_SIGN_STYLE = Automatic;
				INFOPLIST_FILE = ReversePolishNotationCalculator/Info.plist;
				LD_RUNPATH_SEARCH_PATHS = (
					"$(inherited)",
					"@executable_path/Frameworks",
				);
				PRODUCT_BUNDLE_IDENTIFIER = com.Lukecb11a.ReversePolishNotationCalculator;
				PRODUCT_NAME = "$(TARGET_NAME)";
				SWIFT_VERSION = 5.0;
				TARGETED_DEVICE_FAMILY = "1,2";
			};
			name = Release;
		};
		F230DD7324917066006BE385 /* Debug */ = {
			isa = XCBuildConfiguration;
			buildSettings = {
				ALWAYS_EMBED_SWIFT_STANDARD_LIBRARIES = YES;
				BUNDLE_LOADER = "$(TEST_HOST)";
				CODE_SIGN_STYLE = Automatic;
				INFOPLIST_FILE = ReversePolishNotationCalculatorTests/Info.plist;
				IPHONEOS_DEPLOYMENT_TARGET = 13.2;
				LD_RUNPATH_SEARCH_PATHS = (
					"$(inherited)",
					"@executable_path/Frameworks",
					"@loader_path/Frameworks",
				);
				PRODUCT_BUNDLE_IDENTIFIER = com.Lukecb11a.ReversePolishNotationCalculatorTests;
				PRODUCT_NAME = "$(TARGET_NAME)";
				SWIFT_VERSION = 5.0;
				TARGETED_DEVICE_FAMILY = "1,2";
				TEST_HOST = "$(BUILT_PRODUCTS_DIR)/ReversePolishNotationCalculator.app/ReversePolishNotationCalculator";
			};
			name = Debug;
		};
		F230DD7424917066006BE385 /* Release */ = {
			isa = XCBuildConfiguration;
			buildSettings = {
				ALWAYS_EMBED_SWIFT_STANDARD_LIBRARIES = YES;
				BUNDLE_LOADER = "$(TEST_HOST)";
				CODE_SIGN_STYLE = Automatic;
				INFOPLIST_FILE = ReversePolishNotationCalculatorTests/Info.plist;
				IPHONEOS_DEPLOYMENT_TARGET = 13.2;
				LD_RUNPATH_SEARCH_PATHS = (
					"$(inherited)",
					"@executable_path/Frameworks",
					"@loader_path/Frameworks",
				);
				PRODUCT_BUNDLE_IDENTIFIER = com.Lukecb11a.ReversePolishNotationCalculatorTests;
				PRODUCT_NAME = "$(TARGET_NAME)";
				SWIFT_VERSION = 5.0;
				TARGETED_DEVICE_FAMILY = "1,2";
				TEST_HOST = "$(BUILT_PRODUCTS_DIR)/ReversePolishNotationCalculator.app/ReversePolishNotationCalculator";
			};
			name = Release;
		};
		F230DD7624917066006BE385 /* Debug */ = {
			isa = XCBuildConfiguration;
			buildSettings = {
				ALWAYS_EMBED_SWIFT_STANDARD_LIBRARIES = YES;
				CODE_SIGN_STYLE = Automatic;
				INFOPLIST_FILE = ReversePolishNotationCalculatorUITests/Info.plist;
				LD_RUNPATH_SEARCH_PATHS = (
					"$(inherited)",
					"@executable_path/Frameworks",
					"@loader_path/Frameworks",
				);
				PRODUCT_BUNDLE_IDENTIFIER = com.Lukecb11a.ReversePolishNotationCalculatorUITests;
				PRODUCT_NAME = "$(TARGET_NAME)";
				SWIFT_VERSION = 5.0;
				TARGETED_DEVICE_FAMILY = "1,2";
				TEST_TARGET_NAME = ReversePolishNotationCalculator;
			};
			name = Debug;
		};
		F230DD7724917066006BE385 /* Release */ = {
			isa = XCBuildConfiguration;
			buildSettings = {
				ALWAYS_EMBED_SWIFT_STANDARD_LIBRARIES = YES;
				CODE_SIGN_STYLE = Automatic;
				INFOPLIST_FILE = ReversePolishNotationCalculatorUITests/Info.plist;
				LD_RUNPATH_SEARCH_PATHS = (
					"$(inherited)",
					"@executable_path/Frameworks",
					"@loader_path/Frameworks",
				);
				PRODUCT_BUNDLE_IDENTIFIER = com.Lukecb11a.ReversePolishNotationCalculatorUITests;
				PRODUCT_NAME = "$(TARGET_NAME)";
				SWIFT_VERSION = 5.0;
				TARGETED_DEVICE_FAMILY = "1,2";
				TEST_TARGET_NAME = ReversePolishNotationCalculator;
			};
			name = Release;
		};
/* End XCBuildConfiguration section */

/* Begin XCConfigurationList section */
		F230DD4024917063006BE385 /* Build configuration list for PBXProject "ReversePolishNotationCalculator" */ = {
			isa = XCConfigurationList;
			buildConfigurations = (
				F230DD6D24917066006BE385 /* Debug */,
				F230DD6E24917066006BE385 /* Release */,
			);
			defaultConfigurationIsVisible = 0;
			defaultConfigurationName = Release;
		};
		F230DD6F24917066006BE385 /* Build configuration list for PBXNativeTarget "ReversePolishNotationCalculator" */ = {
			isa = XCConfigurationList;
			buildConfigurations = (
				F230DD7024917066006BE385 /* Debug */,
				F230DD7124917066006BE385 /* Release */,
			);
			defaultConfigurationIsVisible = 0;
			defaultConfigurationName = Release;
		};
		F230DD7224917066006BE385 /* Build configuration list for PBXNativeTarget "ReversePolishNotationCalculatorTests" */ = {
			isa = XCConfigurationList;
			buildConfigurations = (
				F230DD7324917066006BE385 /* Debug */,
				F230DD7424917066006BE385 /* Release */,
			);
			defaultConfigurationIsVisible = 0;
			defaultConfigurationName = Release;
		};
		F230DD7524917066006BE385 /* Build configuration list for PBXNativeTarget "ReversePolishNotationCalculatorUITests" */ = {
			isa = XCConfigurationList;
			buildConfigurations = (
				F230DD7624917066006BE385 /* Debug */,
				F230DD7724917066006BE385 /* Release */,
			);
			defaultConfigurationIsVisible = 0;
			defaultConfigurationName = Release;
		};
/* End XCConfigurationList section */
	};
	rootObject = F230DD3D24917063006BE385 /* Project object */;
}
