// !$*UTF8*$!
{
	archiveVersion = 1;
	classes = {
	};
	objectVersion = 50;
	objects = {

/* Begin PBXBuildFile section */
		F27D06BF2407056400B9A204 /* AppDelegate.swift in Sources */ = {isa = PBXBuildFile; fileRef = F27D06BE2407056400B9A204 /* AppDelegate.swift */; };
		F27D06C12407056400B9A204 /* SceneDelegate.swift in Sources */ = {isa = PBXBuildFile; fileRef = F27D06C02407056400B9A204 /* SceneDelegate.swift */; };
		F27D06C32407056400B9A204 /* ViewController.swift in Sources */ = {isa = PBXBuildFile; fileRef = F27D06C22407056400B9A204 /* ViewController.swift */; };
		F27D06C62407056400B9A204 /* Main.storyboard in Resources */ = {isa = PBXBuildFile; fileRef = F27D06C42407056400B9A204 /* Main.storyboard */; };
		F27D06C82407056600B9A204 /* Assets.xcassets in Resources */ = {isa = PBXBuildFile; fileRef = F27D06C72407056600B9A204 /* Assets.xcassets */; };
		F27D06CB2407056600B9A204 /* LaunchScreen.storyboard in Resources */ = {isa = PBXBuildFile; fileRef = F27D06C92407056600B9A204 /* LaunchScreen.storyboard */; };
		F27D06D62407056600B9A204 /* MusicByLocationTests.swift in Sources */ = {isa = PBXBuildFile; fileRef = F27D06D52407056600B9A204 /* MusicByLocationTests.swift */; };
		F27D06E12407056600B9A204 /* MusicByLocationUITests.swift in Sources */ = {isa = PBXBuildFile; fileRef = F27D06E02407056600B9A204 /* MusicByLocationUITests.swift */; };
/* End PBXBuildFile section */

/* Begin PBXContainerItemProxy section */
		F27D06D22407056600B9A204 /* PBXContainerItemProxy */ = {
			isa = PBXContainerItemProxy;
			containerPortal = F27D06B32407056400B9A204 /* Project object */;
			proxyType = 1;
			remoteGlobalIDString = F27D06BA2407056400B9A204;
			remoteInfo = MusicByLocation;
		};
		F27D06DD2407056600B9A204 /* PBXContainerItemProxy */ = {
			isa = PBXContainerItemProxy;
			containerPortal = F27D06B32407056400B9A204 /* Project object */;
			proxyType = 1;
			remoteGlobalIDString = F27D06BA2407056400B9A204;
			remoteInfo = MusicByLocation;
		};
/* End PBXContainerItemProxy section */

/* Begin PBXFileReference section */
		F27D06BB2407056400B9A204 /* MusicByLocation.app */ = {isa = PBXFileReference; explicitFileType = wrapper.application; includeInIndex = 0; path = MusicByLocation.app; sourceTree = BUILT_PRODUCTS_DIR; };
		F27D06BE2407056400B9A204 /* AppDelegate.swift */ = {isa = PBXFileReference; lastKnownFileType = sourcecode.swift; path = AppDelegate.swift; sourceTree = "<group>"; };
		F27D06C02407056400B9A204 /* SceneDelegate.swift */ = {isa = PBXFileReference; lastKnownFileType = sourcecode.swift; path = SceneDelegate.swift; sourceTree = "<group>"; };
		F27D06C22407056400B9A204 /* ViewController.swift */ = {isa = PBXFileReference; lastKnownFileType = sourcecode.swift; path = ViewController.swift; sourceTree = "<group>"; };
		F27D06C52407056400B9A204 /* Base */ = {isa = PBXFileReference; lastKnownFileType = file.storyboard; name = Base; path = Base.lproj/Main.storyboard; sourceTree = "<group>"; };
		F27D06C72407056600B9A204 /* Assets.xcassets */ = {isa = PBXFileReference; lastKnownFileType = folder.assetcatalog; path = Assets.xcassets; sourceTree = "<group>"; };
		F27D06CA2407056600B9A204 /* Base */ = {isa = PBXFileReference; lastKnownFileType = file.storyboard; name = Base; path = Base.lproj/LaunchScreen.storyboard; sourceTree = "<group>"; };
		F27D06CC2407056600B9A204 /* Info.plist */ = {isa = PBXFileReference; lastKnownFileType = text.plist.xml; path = Info.plist; sourceTree = "<group>"; };
		F27D06D12407056600B9A204 /* MusicByLocationTests.xctest */ = {isa = PBXFileReference; explicitFileType = wrapper.cfbundle; includeInIndex = 0; path = MusicByLocationTests.xctest; sourceTree = BUILT_PRODUCTS_DIR; };
		F27D06D52407056600B9A204 /* MusicByLocationTests.swift */ = {isa = PBXFileReference; lastKnownFileType = sourcecode.swift; path = MusicByLocationTests.swift; sourceTree = "<group>"; };
		F27D06D72407056600B9A204 /* Info.plist */ = {isa = PBXFileReference; lastKnownFileType = text.plist.xml; path = Info.plist; sourceTree = "<group>"; };
		F27D06DC2407056600B9A204 /* MusicByLocationUITests.xctest */ = {isa = PBXFileReference; explicitFileType = wrapper.cfbundle; includeInIndex = 0; path = MusicByLocationUITests.xctest; sourceTree = BUILT_PRODUCTS_DIR; };
		F27D06E02407056600B9A204 /* MusicByLocationUITests.swift */ = {isa = PBXFileReference; lastKnownFileType = sourcecode.swift; path = MusicByLocationUITests.swift; sourceTree = "<group>"; };
		F27D06E22407056600B9A204 /* Info.plist */ = {isa = PBXFileReference; lastKnownFileType = text.plist.xml; path = Info.plist; sourceTree = "<group>"; };
/* End PBXFileReference section */

/* Begin PBXFrameworksBuildPhase section */
		F27D06B82407056400B9A204 /* Frameworks */ = {
			isa = PBXFrameworksBuildPhase;
			buildActionMask = 2147483647;
			files = (
			);
			runOnlyForDeploymentPostprocessing = 0;
		};
		F27D06CE2407056600B9A204 /* Frameworks */ = {
			isa = PBXFrameworksBuildPhase;
			buildActionMask = 2147483647;
			files = (
			);
			runOnlyForDeploymentPostprocessing = 0;
		};
		F27D06D92407056600B9A204 /* Frameworks */ = {
			isa = PBXFrameworksBuildPhase;
			buildActionMask = 2147483647;
			files = (
			);
			runOnlyForDeploymentPostprocessing = 0;
		};
/* End PBXFrameworksBuildPhase section */

/* Begin PBXGroup section */
		F27D06B22407056400B9A204 = {
			isa = PBXGroup;
			children = (
				F27D06BD2407056400B9A204 /* MusicByLocation */,
				F27D06D42407056600B9A204 /* MusicByLocationTests */,
				F27D06DF2407056600B9A204 /* MusicByLocationUITests */,
				F27D06BC2407056400B9A204 /* Products */,
			);
			sourceTree = "<group>";
		};
		F27D06BC2407056400B9A204 /* Products */ = {
			isa = PBXGroup;
			children = (
				F27D06BB2407056400B9A204 /* MusicByLocation.app */,
				F27D06D12407056600B9A204 /* MusicByLocationTests.xctest */,
				F27D06DC2407056600B9A204 /* MusicByLocationUITests.xctest */,
			);
			name = Products;
			sourceTree = "<group>";
		};
		F27D06BD2407056400B9A204 /* MusicByLocation */ = {
			isa = PBXGroup;
			children = (
				F27D06BE2407056400B9A204 /* AppDelegate.swift */,
				F27D06C02407056400B9A204 /* SceneDelegate.swift */,
				F27D06C22407056400B9A204 /* ViewController.swift */,
				F27D06C42407056400B9A204 /* Main.storyboard */,
				F27D06C72407056600B9A204 /* Assets.xcassets */,
				F27D06C92407056600B9A204 /* LaunchScreen.storyboard */,
				F27D06CC2407056600B9A204 /* Info.plist */,
			);
			path = MusicByLocation;
			sourceTree = "<group>";
		};
		F27D06D42407056600B9A204 /* MusicByLocationTests */ = {
			isa = PBXGroup;
			children = (
				F27D06D52407056600B9A204 /* MusicByLocationTests.swift */,
				F27D06D72407056600B9A204 /* Info.plist */,
			);
			path = MusicByLocationTests;
			sourceTree = "<group>";
		};
		F27D06DF2407056600B9A204 /* MusicByLocationUITests */ = {
			isa = PBXGroup;
			children = (
				F27D06E02407056600B9A204 /* MusicByLocationUITests.swift */,
				F27D06E22407056600B9A204 /* Info.plist */,
			);
			path = MusicByLocationUITests;
			sourceTree = "<group>";
		};
/* End PBXGroup section */

/* Begin PBXNativeTarget section */
		F27D06BA2407056400B9A204 /* MusicByLocation */ = {
			isa = PBXNativeTarget;
			buildConfigurationList = F27D06E52407056600B9A204 /* Build configuration list for PBXNativeTarget "MusicByLocation" */;
			buildPhases = (
				F27D06B72407056400B9A204 /* Sources */,
				F27D06B82407056400B9A204 /* Frameworks */,
				F27D06B92407056400B9A204 /* Resources */,
			);
			buildRules = (
			);
			dependencies = (
			);
			name = MusicByLocation;
			productName = MusicByLocation;
			productReference = F27D06BB2407056400B9A204 /* MusicByLocation.app */;
			productType = "com.apple.product-type.application";
		};
		F27D06D02407056600B9A204 /* MusicByLocationTests */ = {
			isa = PBXNativeTarget;
			buildConfigurationList = F27D06E82407056600B9A204 /* Build configuration list for PBXNativeTarget "MusicByLocationTests" */;
			buildPhases = (
				F27D06CD2407056600B9A204 /* Sources */,
				F27D06CE2407056600B9A204 /* Frameworks */,
				F27D06CF2407056600B9A204 /* Resources */,
			);
			buildRules = (
			);
			dependencies = (
				F27D06D32407056600B9A204 /* PBXTargetDependency */,
			);
			name = MusicByLocationTests;
			productName = MusicByLocationTests;
			productReference = F27D06D12407056600B9A204 /* MusicByLocationTests.xctest */;
			productType = "com.apple.product-type.bundle.unit-test";
		};
		F27D06DB2407056600B9A204 /* MusicByLocationUITests */ = {
			isa = PBXNativeTarget;
			buildConfigurationList = F27D06EB2407056600B9A204 /* Build configuration list for PBXNativeTarget "MusicByLocationUITests" */;
			buildPhases = (
				F27D06D82407056600B9A204 /* Sources */,
				F27D06D92407056600B9A204 /* Frameworks */,
				F27D06DA2407056600B9A204 /* Resources */,
			);
			buildRules = (
			);
			dependencies = (
				F27D06DE2407056600B9A204 /* PBXTargetDependency */,
			);
			name = MusicByLocationUITests;
			productName = MusicByLocationUITests;
			productReference = F27D06DC2407056600B9A204 /* MusicByLocationUITests.xctest */;
			productType = "com.apple.product-type.bundle.ui-testing";
		};
/* End PBXNativeTarget section */

/* Begin PBXProject section */
		F27D06B32407056400B9A204 /* Project object */ = {
			isa = PBXProject;
			attributes = {
				LastSwiftUpdateCheck = 1120;
				LastUpgradeCheck = 1120;
				ORGANIZATIONNAME = "Luke Compton-Burnett";
				TargetAttributes = {
					F27D06BA2407056400B9A204 = {
						CreatedOnToolsVersion = 11.2.1;
					};
					F27D06D02407056600B9A204 = {
						CreatedOnToolsVersion = 11.2.1;
						TestTargetID = F27D06BA2407056400B9A204;
					};
					F27D06DB2407056600B9A204 = {
						CreatedOnToolsVersion = 11.2.1;
						TestTargetID = F27D06BA2407056400B9A204;
					};
				};
			};
			buildConfigurationList = F27D06B62407056400B9A204 /* Build configuration list for PBXProject "MusicByLocation" */;
			compatibilityVersion = "Xcode 9.3";
			developmentRegion = en;
			hasScannedForEncodings = 0;
			knownRegions = (
				en,
				Base,
			);
			mainGroup = F27D06B22407056400B9A204;
			productRefGroup = F27D06BC2407056400B9A204 /* Products */;
			projectDirPath = "";
			projectRoot = "";
			targets = (
				F27D06BA2407056400B9A204 /* MusicByLocation */,
				F27D06D02407056600B9A204 /* MusicByLocationTests */,
				F27D06DB2407056600B9A204 /* MusicByLocationUITests */,
			);
		};
/* End PBXProject section */

/* Begin PBXResourcesBuildPhase section */
		F27D06B92407056400B9A204 /* Resources */ = {
			isa = PBXResourcesBuildPhase;
			buildActionMask = 2147483647;
			files = (
				F27D06CB2407056600B9A204 /* LaunchScreen.storyboard in Resources */,
				F27D06C82407056600B9A204 /* Assets.xcassets in Resources */,
				F27D06C62407056400B9A204 /* Main.storyboard in Resources */,
			);
			runOnlyForDeploymentPostprocessing = 0;
		};
		F27D06CF2407056600B9A204 /* Resources */ = {
			isa = PBXResourcesBuildPhase;
			buildActionMask = 2147483647;
			files = (
			);
			runOnlyForDeploymentPostprocessing = 0;
		};
		F27D06DA2407056600B9A204 /* Resources */ = {
			isa = PBXResourcesBuildPhase;
			buildActionMask = 2147483647;
			files = (
			);
			runOnlyForDeploymentPostprocessing = 0;
		};
/* End PBXResourcesBuildPhase section */

/* Begin PBXSourcesBuildPhase section */
		F27D06B72407056400B9A204 /* Sources */ = {
			isa = PBXSourcesBuildPhase;
			buildActionMask = 2147483647;
			files = (
				F27D06C32407056400B9A204 /* ViewController.swift in Sources */,
				F27D06BF2407056400B9A204 /* AppDelegate.swift in Sources */,
				F27D06C12407056400B9A204 /* SceneDelegate.swift in Sources */,
			);
			runOnlyForDeploymentPostprocessing = 0;
		};
		F27D06CD2407056600B9A204 /* Sources */ = {
			isa = PBXSourcesBuildPhase;
			buildActionMask = 2147483647;
			files = (
				F27D06D62407056600B9A204 /* MusicByLocationTests.swift in Sources */,
			);
			runOnlyForDeploymentPostprocessing = 0;
		};
		F27D06D82407056600B9A204 /* Sources */ = {
			isa = PBXSourcesBuildPhase;
			buildActionMask = 2147483647;
			files = (
				F27D06E12407056600B9A204 /* MusicByLocationUITests.swift in Sources */,
			);
			runOnlyForDeploymentPostprocessing = 0;
		};
/* End PBXSourcesBuildPhase section */

/* Begin PBXTargetDependency section */
		F27D06D32407056600B9A204 /* PBXTargetDependency */ = {
			isa = PBXTargetDependency;
			target = F27D06BA2407056400B9A204 /* MusicByLocation */;
			targetProxy = F27D06D22407056600B9A204 /* PBXContainerItemProxy */;
		};
		F27D06DE2407056600B9A204 /* PBXTargetDependency */ = {
			isa = PBXTargetDependency;
			target = F27D06BA2407056400B9A204 /* MusicByLocation */;
			targetProxy = F27D06DD2407056600B9A204 /* PBXContainerItemProxy */;
		};
/* End PBXTargetDependency section */

/* Begin PBXVariantGroup section */
		F27D06C42407056400B9A204 /* Main.storyboard */ = {
			isa = PBXVariantGroup;
			children = (
				F27D06C52407056400B9A204 /* Base */,
			);
			name = Main.storyboard;
			sourceTree = "<group>";
		};
		F27D06C92407056600B9A204 /* LaunchScreen.storyboard */ = {
			isa = PBXVariantGroup;
			children = (
				F27D06CA2407056600B9A204 /* Base */,
			);
			name = LaunchScreen.storyboard;
			sourceTree = "<group>";
		};
/* End PBXVariantGroup section */

/* Begin XCBuildConfiguration section */
		F27D06E32407056600B9A204 /* Debug */ = {
			isa = XCBuildConfiguration;
			buildSettings = {
				ALWAYS_SEARCH_USER_PATHS = NO;
				CLANG_ANALYZER_NONNULL = YES;
				CLANG_ANALYZER_NUMBER_OBJECT_CONVERSION = YES_AGGRESSIVE;
				CLANG_CXX_LANGUAGE_STANDARD = "gnu++14";
				CLANG_CXX_LIBRARY = "libc++";
				CLANG_ENABLE_MODULES = YES;
				CLANG_ENABLE_OBJC_ARC = YES;
				CLANG_ENABLE_OBJC_WEAK = YES;
				CLANG_WARN_BLOCK_CAPTURE_AUTORELEASING = YES;
				CLANG_WARN_BOOL_CONVERSION = YES;
				CLANG_WARN_COMMA = YES;
				CLANG_WARN_CONSTANT_CONVERSION = YES;
				CLANG_WARN_DEPRECATED_OBJC_IMPLEMENTATIONS = YES;
				CLANG_WARN_DIRECT_OBJC_ISA_USAGE = YES_ERROR;
				CLANG_WARN_DOCUMENTATION_COMMENTS = YES;
				CLANG_WARN_EMPTY_BODY = YES;
				CLANG_WARN_ENUM_CONVERSION = YES;
				CLANG_WARN_INFINITE_RECURSION = YES;
				CLANG_WARN_INT_CONVERSION = YES;
				CLANG_WARN_NON_LITERAL_NULL_CONVERSION = YES;
				CLANG_WARN_OBJC_IMPLICIT_RETAIN_SELF = YES;
				CLANG_WARN_OBJC_LITERAL_CONVERSION = YES;
				CLANG_WARN_OBJC_ROOT_CLASS = YES_ERROR;
				CLANG_WARN_RANGE_LOOP_ANALYSIS = YES;
				CLANG_WARN_STRICT_PROTOTYPES = YES;
				CLANG_WARN_SUSPICIOUS_MOVE = YES;
				CLANG_WARN_UNGUARDED_AVAILABILITY = YES_AGGRESSIVE;
				CLANG_WARN_UNREACHABLE_CODE = YES;
				CLANG_WARN__DUPLICATE_METHOD_MATCH = YES;
				COPY_PHASE_STRIP = NO;
				DEBUG_INFORMATION_FORMAT = dwarf;
				ENABLE_STRICT_OBJC_MSGSEND = YES;
				ENABLE_TESTABILITY = YES;
				GCC_C_LANGUAGE_STANDARD = gnu11;
				GCC_DYNAMIC_NO_PIC = NO;
				GCC_NO_COMMON_BLOCKS = YES;
				GCC_OPTIMIZATION_LEVEL = 0;
				GCC_PREPROCESSOR_DEFINITIONS = (
					"DEBUG=1",
					"$(inherited)",
				);
				GCC_WARN_64_TO_32_BIT_CONVERSION = YES;
				GCC_WARN_ABOUT_RETURN_TYPE = YES_ERROR;
				GCC_WARN_UNDECLARED_SELECTOR = YES;
				GCC_WARN_UNINITIALIZED_AUTOS = YES_AGGRESSIVE;
				GCC_WARN_UNUSED_FUNCTION = YES;
				GCC_WARN_UNUSED_VARIABLE = YES;
				IPHONEOS_DEPLOYMENT_TARGET = 13.2;
				MTL_ENABLE_DEBUG_INFO = INCLUDE_SOURCE;
				MTL_FAST_MATH = YES;
				ONLY_ACTIVE_ARCH = YES;
				SDKROOT = iphoneos;
				SWIFT_ACTIVE_COMPILATION_CONDITIONS = DEBUG;
				SWIFT_OPTIMIZATION_LEVEL = "-Onone";
			};
			name = Debug;
		};
		F27D06E42407056600B9A204 /* Release */ = {
			isa = XCBuildConfiguration;
			buildSettings = {
				ALWAYS_SEARCH_USER_PATHS = NO;
				CLANG_ANALYZER_NONNULL = YES;
				CLANG_ANALYZER_NUMBER_OBJECT_CONVERSION = YES_AGGRESSIVE;
				CLANG_CXX_LANGUAGE_STANDARD = "gnu++14";
				CLANG_CXX_LIBRARY = "libc++";
				CLANG_ENABLE_MODULES = YES;
				CLANG_ENABLE_OBJC_ARC = YES;
				CLANG_ENABLE_OBJC_WEAK = YES;
				CLANG_WARN_BLOCK_CAPTURE_AUTORELEASING = YES;
				CLANG_WARN_BOOL_CONVERSION = YES;
				CLANG_WARN_COMMA = YES;
				CLANG_WARN_CONSTANT_CONVERSION = YES;
				CLANG_WARN_DEPRECATED_OBJC_IMPLEMENTATIONS = YES;
				CLANG_WARN_DIRECT_OBJC_ISA_USAGE = YES_ERROR;
				CLANG_WARN_DOCUMENTATION_COMMENTS = YES;
				CLANG_WARN_EMPTY_BODY = YES;
				CLANG_WARN_ENUM_CONVERSION = YES;
				CLANG_WARN_INFINITE_RECURSION = YES;
				CLANG_WARN_INT_CONVERSION = YES;
				CLANG_WARN_NON_LITERAL_NULL_CONVERSION = YES;
				CLANG_WARN_OBJC_IMPLICIT_RETAIN_SELF = YES;
				CLANG_WARN_OBJC_LITERAL_CONVERSION = YES;
				CLANG_WARN_OBJC_ROOT_CLASS = YES_ERROR;
				CLANG_WARN_RANGE_LOOP_ANALYSIS = YES;
				CLANG_WARN_STRICT_PROTOTYPES = YES;
				CLANG_WARN_SUSPICIOUS_MOVE = YES;
				CLANG_WARN_UNGUARDED_AVAILABILITY = YES_AGGRESSIVE;
				CLANG_WARN_UNREACHABLE_CODE = YES;
				CLANG_WARN__DUPLICATE_METHOD_MATCH = YES;
				COPY_PHASE_STRIP = NO;
				DEBUG_INFORMATION_FORMAT = "dwarf-with-dsym";
				ENABLE_NS_ASSERTIONS = NO;
				ENABLE_STRICT_OBJC_MSGSEND = YES;
				GCC_C_LANGUAGE_STANDARD = gnu11;
				GCC_NO_COMMON_BLOCKS = YES;
				GCC_WARN_64_TO_32_BIT_CONVERSION = YES;
				GCC_WARN_ABOUT_RETURN_TYPE = YES_ERROR;
				GCC_WARN_UNDECLARED_SELECTOR = YES;
				GCC_WARN_UNINITIALIZED_AUTOS = YES_AGGRESSIVE;
				GCC_WARN_UNUSED_FUNCTION = YES;
				GCC_WARN_UNUSED_VARIABLE = YES;
				IPHONEOS_DEPLOYMENT_TARGET = 13.2;
				MTL_ENABLE_DEBUG_INFO = NO;
				MTL_FAST_MATH = YES;
				SDKROOT = iphoneos;
				SWIFT_COMPILATION_MODE = wholemodule;
				SWIFT_OPTIMIZATION_LEVEL = "-O";
				VALIDATE_PRODUCT = YES;
			};
			name = Release;
		};
		F27D06E62407056600B9A204 /* Debug */ = {
			isa = XCBuildConfiguration;
			buildSettings = {
				ASSETCATALOG_COMPILER_APPICON_NAME = AppIcon;
				CODE_SIGN_STYLE = Automatic;
				INFOPLIST_FILE = MusicByLocation/Info.plist;
				LD_RUNPATH_SEARCH_PATHS = (
					"$(inherited)",
					"@executable_path/Frameworks",
				);
				PRODUCT_BUNDLE_IDENTIFIER = com.Lukecb11a.MusicByLocation;
				PRODUCT_NAME = "$(TARGET_NAME)";
				SWIFT_VERSION = 5.0;
				TARGETED_DEVICE_FAMILY = "1,2";
			};
			name = Debug;
		};
		F27D06E72407056600B9A204 /* Release */ = {
			isa = XCBuildConfiguration;
			buildSettings = {
				ASSETCATALOG_COMPILER_APPICON_NAME = AppIcon;
				CODE_SIGN_STYLE = Automatic;
				INFOPLIST_FILE = MusicByLocation/Info.plist;
				LD_RUNPATH_SEARCH_PATHS = (
					"$(inherited)",
					"@executable_path/Frameworks",
				);
				PRODUCT_BUNDLE_IDENTIFIER = com.Lukecb11a.MusicByLocation;
				PRODUCT_NAME = "$(TARGET_NAME)";
				SWIFT_VERSION = 5.0;
				TARGETED_DEVICE_FAMILY = "1,2";
			};
			name = Release;
		};
		F27D06E92407056600B9A204 /* Debug */ = {
			isa = XCBuildConfiguration;
			buildSettings = {
				ALWAYS_EMBED_SWIFT_STANDARD_LIBRARIES = YES;
				BUNDLE_LOADER = "$(TEST_HOST)";
				CODE_SIGN_STYLE = Automatic;
				INFOPLIST_FILE = MusicByLocationTests/Info.plist;
				IPHONEOS_DEPLOYMENT_TARGET = 13.2;
				LD_RUNPATH_SEARCH_PATHS = (
					"$(inherited)",
					"@executable_path/Frameworks",
					"@loader_path/Frameworks",
				);
				PRODUCT_BUNDLE_IDENTIFIER = com.Lukecb11a.MusicByLocationTests;
				PRODUCT_NAME = "$(TARGET_NAME)";
				SWIFT_VERSION = 5.0;
				TARGETED_DEVICE_FAMILY = "1,2";
				TEST_HOST = "$(BUILT_PRODUCTS_DIR)/MusicByLocation.app/MusicByLocation";
			};
			name = Debug;
		};
		F27D06EA2407056600B9A204 /* Release */ = {
			isa = XCBuildConfiguration;
			buildSettings = {
				ALWAYS_EMBED_SWIFT_STANDARD_LIBRARIES = YES;
				BUNDLE_LOADER = "$(TEST_HOST)";
				CODE_SIGN_STYLE = Automatic;
				INFOPLIST_FILE = MusicByLocationTests/Info.plist;
				IPHONEOS_DEPLOYMENT_TARGET = 13.2;
				LD_RUNPATH_SEARCH_PATHS = (
					"$(inherited)",
					"@executable_path/Frameworks",
					"@loader_path/Frameworks",
				);
				PRODUCT_BUNDLE_IDENTIFIER = com.Lukecb11a.MusicByLocationTests;
				PRODUCT_NAME = "$(TARGET_NAME)";
				SWIFT_VERSION = 5.0;
				TARGETED_DEVICE_FAMILY = "1,2";
				TEST_HOST = "$(BUILT_PRODUCTS_DIR)/MusicByLocation.app/MusicByLocation";
			};
			name = Release;
		};
		F27D06EC2407056600B9A204 /* Debug */ = {
			isa = XCBuildConfiguration;
			buildSettings = {
				ALWAYS_EMBED_SWIFT_STANDARD_LIBRARIES = YES;
				CODE_SIGN_STYLE = Automatic;
				INFOPLIST_FILE = MusicByLocationUITests/Info.plist;
				LD_RUNPATH_SEARCH_PATHS = (
					"$(inherited)",
					"@executable_path/Frameworks",
					"@loader_path/Frameworks",
				);
				PRODUCT_BUNDLE_IDENTIFIER = com.Lukecb11a.MusicByLocationUITests;
				PRODUCT_NAME = "$(TARGET_NAME)";
				SWIFT_VERSION = 5.0;
				TARGETED_DEVICE_FAMILY = "1,2";
				TEST_TARGET_NAME = MusicByLocation;
			};
			name = Debug;
		};
		F27D06ED2407056600B9A204 /* Release */ = {
			isa = XCBuildConfiguration;
			buildSettings = {
				ALWAYS_EMBED_SWIFT_STANDARD_LIBRARIES = YES;
				CODE_SIGN_STYLE = Automatic;
				INFOPLIST_FILE = MusicByLocationUITests/Info.plist;
				LD_RUNPATH_SEARCH_PATHS = (
					"$(inherited)",
					"@executable_path/Frameworks",
					"@loader_path/Frameworks",
				);
				PRODUCT_BUNDLE_IDENTIFIER = com.Lukecb11a.MusicByLocationUITests;
				PRODUCT_NAME = "$(TARGET_NAME)";
				SWIFT_VERSION = 5.0;
				TARGETED_DEVICE_FAMILY = "1,2";
				TEST_TARGET_NAME = MusicByLocation;
			};
			name = Release;
		};
/* End XCBuildConfiguration section */

/* Begin XCConfigurationList section */
		F27D06B62407056400B9A204 /* Build configuration list for PBXProject "MusicByLocation" */ = {
			isa = XCConfigurationList;
			buildConfigurations = (
				F27D06E32407056600B9A204 /* Debug */,
				F27D06E42407056600B9A204 /* Release */,
			);
			defaultConfigurationIsVisible = 0;
			defaultConfigurationName = Release;
		};
		F27D06E52407056600B9A204 /* Build configuration list for PBXNativeTarget "MusicByLocation" */ = {
			isa = XCConfigurationList;
			buildConfigurations = (
				F27D06E62407056600B9A204 /* Debug */,
				F27D06E72407056600B9A204 /* Release */,
			);
			defaultConfigurationIsVisible = 0;
			defaultConfigurationName = Release;
		};
		F27D06E82407056600B9A204 /* Build configuration list for PBXNativeTarget "MusicByLocationTests" */ = {
			isa = XCConfigurationList;
			buildConfigurations = (
				F27D06E92407056600B9A204 /* Debug */,
				F27D06EA2407056600B9A204 /* Release */,
			);
			defaultConfigurationIsVisible = 0;
			defaultConfigurationName = Release;
		};
		F27D06EB2407056600B9A204 /* Build configuration list for PBXNativeTarget "MusicByLocationUITests" */ = {
			isa = XCConfigurationList;
			buildConfigurations = (
				F27D06EC2407056600B9A204 /* Debug */,
				F27D06ED2407056600B9A204 /* Release */,
			);
			defaultConfigurationIsVisible = 0;
			defaultConfigurationName = Release;
		};
/* End XCConfigurationList section */
	};
	rootObject = F27D06B32407056400B9A204 /* Project object */;
}
